// !$*UTF8*$!
{
	archiveVersion = 1;
	classes = {
	};
	objectVersion = 56;
	objects = {

/* Begin PBXBuildFile section */
		4EB7EB9D2A735FEC00581466 /* Day_26App.swift in Sources */ = {isa = PBXBuildFile; fileRef = 4EB7EB9C2A735FEC00581466 /* Day_26App.swift */; };
		4EB7EB9F2A735FEC00581466 /* LearningStepper.swift in Sources */ = {isa = PBXBuildFile; fileRef = 4EB7EB9E2A735FEC00581466 /* LearningStepper.swift */; };
		4EB7EBA12A735FEF00581466 /* Assets.xcassets in Resources */ = {isa = PBXBuildFile; fileRef = 4EB7EBA02A735FEF00581466 /* Assets.xcassets */; };
		4EB7EBA42A735FEF00581466 /* Preview Assets.xcassets in Resources */ = {isa = PBXBuildFile; fileRef = 4EB7EBA32A735FEF00581466 /* Preview Assets.xcassets */; };
		4EB7EBAB2A73645100581466 /* LearningDatePicker.swift in Sources */ = {isa = PBXBuildFile; fileRef = 4EB7EBAA2A73645100581466 /* LearningDatePicker.swift */; };
		4EB7EBAD2A7368CE00581466 /* LearningDates.swift in Sources */ = {isa = PBXBuildFile; fileRef = 4EB7EBAC2A7368CE00581466 /* LearningDates.swift */; };
		4EB7EBAF2A736EB500581466 /* CreateML.swift in Sources */ = {isa = PBXBuildFile; fileRef = 4EB7EBAE2A736EB500581466 /* CreateML.swift */; };
/* End PBXBuildFile section */

/* Begin PBXFileReference section */
		4EB7EB992A735FEC00581466 /* Day 26.app */ = {isa = PBXFileReference; explicitFileType = wrapper.application; includeInIndex = 0; path = "Day 26.app"; sourceTree = BUILT_PRODUCTS_DIR; };
		4EB7EB9C2A735FEC00581466 /* Day_26App.swift */ = {isa = PBXFileReference; lastKnownFileType = sourcecode.swift; path = Day_26App.swift; sourceTree = "<group>"; };
		4EB7EB9E2A735FEC00581466 /* LearningStepper.swift */ = {isa = PBXFileReference; lastKnownFileType = sourcecode.swift; path = LearningStepper.swift; sourceTree = "<group>"; };
		4EB7EBA02A735FEF00581466 /* Assets.xcassets */ = {isa = PBXFileReference; lastKnownFileType = folder.assetcatalog; path = Assets.xcassets; sourceTree = "<group>"; };
		4EB7EBA32A735FEF00581466 /* Preview Assets.xcassets */ = {isa = PBXFileReference; lastKnownFileType = folder.assetcatalog; path = "Preview Assets.xcassets"; sourceTree = "<group>"; };
		4EB7EBAA2A73645100581466 /* LearningDatePicker.swift */ = {isa = PBXFileReference; lastKnownFileType = sourcecode.swift; path = LearningDatePicker.swift; sourceTree = "<group>"; };
		4EB7EBAC2A7368CE00581466 /* LearningDates.swift */ = {isa = PBXFileReference; lastKnownFileType = sourcecode.swift; path = LearningDates.swift; sourceTree = "<group>"; };
		4EB7EBAE2A736EB500581466 /* CreateML.swift */ = {isa = PBXFileReference; lastKnownFileType = sourcecode.swift; path = CreateML.swift; sourceTree = "<group>"; };
/* End PBXFileReference section */

/* Begin PBXFrameworksBuildPhase section */
		4EB7EB962A735FEC00581466 /* Frameworks */ = {
			isa = PBXFrameworksBuildPhase;
			buildActionMask = 2147483647;
			files = (
			);
			runOnlyForDeploymentPostprocessing = 0;
		};
/* End PBXFrameworksBuildPhase section */

/* Begin PBXGroup section */
		4EB7EB902A735FEC00581466 = {
			isa = PBXGroup;
			children = (
				4EB7EB9B2A735FEC00581466 /* Day 26 */,
				4EB7EB9A2A735FEC00581466 /* Products */,
			);
			sourceTree = "<group>";
		};
		4EB7EB9A2A735FEC00581466 /* Products */ = {
			isa = PBXGroup;
			children = (
				4EB7EB992A735FEC00581466 /* Day 26.app */,
			);
			name = Products;
			sourceTree = "<group>";
		};
		4EB7EB9B2A735FEC00581466 /* Day 26 */ = {
			isa = PBXGroup;
			children = (
				4EB7EB9C2A735FEC00581466 /* Day_26App.swift */,
				4EB7EB9E2A735FEC00581466 /* LearningStepper.swift */,
				4EB7EBAA2A73645100581466 /* LearningDatePicker.swift */,
				4EB7EBAC2A7368CE00581466 /* LearningDates.swift */,
				4EB7EBAE2A736EB500581466 /* CreateML.swift */,
				4EB7EBA02A735FEF00581466 /* Assets.xcassets */,
				4EB7EBA22A735FEF00581466 /* Preview Content */,
			);
			path = "Day 26";
			sourceTree = "<group>";
		};
		4EB7EBA22A735FEF00581466 /* Preview Content */ = {
			isa = PBXGroup;
			children = (
				4EB7EBA32A735FEF00581466 /* Preview Assets.xcassets */,
			);
			path = "Preview Content";
			sourceTree = "<group>";
		};
/* End PBXGroup section */

/* Begin PBXNativeTarget section */
		4EB7EB982A735FEC00581466 /* Day 26 */ = {
			isa = PBXNativeTarget;
			buildConfigurationList = 4EB7EBA72A735FEF00581466 /* Build configuration list for PBXNativeTarget "Day 26" */;
			buildPhases = (
				4EB7EB952A735FEC00581466 /* Sources */,
				4EB7EB962A735FEC00581466 /* Frameworks */,
				4EB7EB972A735FEC00581466 /* Resources */,
			);
			buildRules = (
			);
			dependencies = (
			);
			name = "Day 26";
			productName = "Day 26";
			productReference = 4EB7EB992A735FEC00581466 /* Day 26.app */;
			productType = "com.apple.product-type.application";
		};
/* End PBXNativeTarget section */

/* Begin PBXProject section */
		4EB7EB912A735FEC00581466 /* Project object */ = {
			isa = PBXProject;
			attributes = {
				BuildIndependentTargetsInParallel = 1;
				LastSwiftUpdateCheck = 1500;
				LastUpgradeCheck = 1500;
				TargetAttributes = {
					4EB7EB982A735FEC00581466 = {
						CreatedOnToolsVersion = 15.0;
					};
				};
			};
			buildConfigurationList = 4EB7EB942A735FEC00581466 /* Build configuration list for PBXProject "Day 26" */;
			compatibilityVersion = "Xcode 14.0";
			developmentRegion = en;
			hasScannedForEncodings = 0;
			knownRegions = (
				en,
				Base,
			);
			mainGroup = 4EB7EB902A735FEC00581466;
			productRefGroup = 4EB7EB9A2A735FEC00581466 /* Products */;
			projectDirPath = "";
			projectRoot = "";
			targets = (
				4EB7EB982A735FEC00581466 /* Day 26 */,
			);
		};
/* End PBXProject section */

/* Begin PBXResourcesBuildPhase section */
		4EB7EB972A735FEC00581466 /* Resources */ = {
			isa = PBXResourcesBuildPhase;
			buildActionMask = 2147483647;
			files = (
				4EB7EBA42A735FEF00581466 /* Preview Assets.xcassets in Resources */,
				4EB7EBA12A735FEF00581466 /* Assets.xcassets in Resources */,
			);
			runOnlyForDeploymentPostprocessing = 0;
		};
/* End PBXResourcesBuildPhase section */

/* Begin PBXSourcesBuildPhase section */
		4EB7EB952A735FEC00581466 /* Sources */ = {
			isa = PBXSourcesBuildPhase;
			buildActionMask = 2147483647;
			files = (
				4EB7EB9F2A735FEC00581466 /* LearningStepper.swift in Sources */,
				4EB7EBAF2A736EB500581466 /* CreateML.swift in Sources */,
				4EB7EB9D2A735FEC00581466 /* Day_26App.swift in Sources */,
				4EB7EBAB2A73645100581466 /* LearningDatePicker.swift in Sources */,
				4EB7EBAD2A7368CE00581466 /* LearningDates.swift in Sources */,
			);
			runOnlyForDeploymentPostprocessing = 0;
		};
/* End PBXSourcesBuildPhase section */

/* Begin XCBuildConfiguration section */
		4EB7EBA52A735FEF00581466 /* Debug */ = {
			isa = XCBuildConfiguration;
			buildSettings = {
				ALWAYS_SEARCH_USER_PATHS = NO;
				ASSETCATALOG_COMPILER_GENERATE_SWIFT_ASSET_SYMBOL_EXTENSIONS = YES;
				CLANG_ANALYZER_NONNULL = YES;
				CLANG_ANALYZER_NUMBER_OBJECT_CONVERSION = YES_AGGRESSIVE;
				CLANG_CXX_LANGUAGE_STANDARD = "gnu++20";
				CLANG_ENABLE_MODULES = YES;
				CLANG_ENABLE_OBJC_ARC = YES;
				CLANG_ENABLE_OBJC_WEAK = YES;
				CLANG_WARN_BLOCK_CAPTURE_AUTORELEASING = YES;
				CLANG_WARN_BOOL_CONVERSION = YES;
				CLANG_WARN_COMMA = YES;
				CLANG_WARN_CONSTANT_CONVERSION = YES;
				CLANG_WARN_DEPRECATED_OBJC_IMPLEMENTATIONS = YES;
				CLANG_WARN_DIRECT_OBJC_ISA_USAGE = YES_ERROR;
				CLANG_WARN_DOCUMENTATION_COMMENTS = YES;
				CLANG_WARN_EMPTY_BODY = YES;
				CLANG_WARN_ENUM_CONVERSION = YES;
				CLANG_WARN_INFINITE_RECURSION = YES;
				CLANG_WARN_INT_CONVERSION = YES;
				CLANG_WARN_NON_LITERAL_NULL_CONVERSION = YES;
				CLANG_WARN_OBJC_IMPLICIT_RETAIN_SELF = YES;
				CLANG_WARN_OBJC_LITERAL_CONVERSION = YES;
				CLANG_WARN_OBJC_ROOT_CLASS = YES_ERROR;
				CLANG_WARN_QUOTED_INCLUDE_IN_FRAMEWORK_HEADER = YES;
				CLANG_WARN_RANGE_LOOP_ANALYSIS = YES;
				CLANG_WARN_STRICT_PROTOTYPES = YES;
				CLANG_WARN_SUSPICIOUS_MOVE = YES;
				CLANG_WARN_UNGUARDED_AVAILABILITY = YES_AGGRESSIVE;
				CLANG_WARN_UNREACHABLE_CODE = YES;
				CLANG_WARN__DUPLICATE_METHOD_MATCH = YES;
				COPY_PHASE_STRIP = NO;
				DEBUG_INFORMATION_FORMAT = dwarf;
				ENABLE_STRICT_OBJC_MSGSEND = YES;
				ENABLE_TESTABILITY = YES;
				ENABLE_USER_SCRIPT_SANDBOXING = YES;
				GCC_C_LANGUAGE_STANDARD = gnu17;
				GCC_DYNAMIC_NO_PIC = NO;
				GCC_NO_COMMON_BLOCKS = YES;
				GCC_OPTIMIZATION_LEVEL = 0;
				GCC_PREPROCESSOR_DEFINITIONS = (
					"DEBUG=1",
					"$(inherited)",
				);
				GCC_WARN_64_TO_32_BIT_CONVERSION = YES;
				GCC_WARN_ABOUT_RETURN_TYPE = YES_ERROR;
				GCC_WARN_UNDECLARED_SELECTOR = YES;
				GCC_WARN_UNINITIALIZED_AUTOS = YES_AGGRESSIVE;
				GCC_WARN_UNUSED_FUNCTION = YES;
				GCC_WARN_UNUSED_VARIABLE = YES;
				IPHONEOS_DEPLOYMENT_TARGET = 17.0;
				LOCALIZATION_PREFERS_STRING_CATALOGS = YES;
				MTL_ENABLE_DEBUG_INFO = INCLUDE_SOURCE;
				MTL_FAST_MATH = YES;
				ONLY_ACTIVE_ARCH = YES;
				SDKROOT = iphoneos;
				SWIFT_ACTIVE_COMPILATION_CONDITIONS = "DEBUG $(inherited)";
				SWIFT_OPTIMIZATION_LEVEL = "-Onone";
			};
			name = Debug;
		};
		4EB7EBA62A735FEF00581466 /* Release */ = {
			isa = XCBuildConfiguration;
			buildSettings = {
				ALWAYS_SEARCH_USER_PATHS = NO;
				ASSETCATALOG_COMPILER_GENERATE_SWIFT_ASSET_SYMBOL_EXTENSIONS = YES;
				CLANG_ANALYZER_NONNULL = YES;
				CLANG_ANALYZER_NUMBER_OBJECT_CONVERSION = YES_AGGRESSIVE;
				CLANG_CXX_LANGUAGE_STANDARD = "gnu++20";
				CLANG_ENABLE_MODULES = YES;
				CLANG_ENABLE_OBJC_ARC = YES;
				CLANG_ENABLE_OBJC_WEAK = YES;
				CLANG_WARN_BLOCK_CAPTURE_AUTORELEASING = YES;
				CLANG_WARN_BOOL_CONVERSION = YES;
				CLANG_WARN_COMMA = YES;
				CLANG_WARN_CONSTANT_CONVERSION = YES;
				CLANG_WARN_DEPRECATED_OBJC_IMPLEMENTATIONS = YES;
				CLANG_WARN_DIRECT_OBJC_ISA_USAGE = YES_ERROR;
				CLANG_WARN_DOCUMENTATION_COMMENTS = YES;
				CLANG_WARN_EMPTY_BODY = YES;
				CLANG_WARN_ENUM_CONVERSION = YES;
				CLANG_WARN_INFINITE_RECURSION = YES;
				CLANG_WARN_INT_CONVERSION = YES;
				CLANG_WARN_NON_LITERAL_NULL_CONVERSION = YES;
				CLANG_WARN_OBJC_IMPLICIT_RETAIN_SELF = YES;
				CLANG_WARN_OBJC_LITERAL_CONVERSION = YES;
				CLANG_WARN_OBJC_ROOT_CLASS = YES_ERROR;
				CLANG_WARN_QUOTED_INCLUDE_IN_FRAMEWORK_HEADER = YES;
				CLANG_WARN_RANGE_LOOP_ANALYSIS = YES;
				CLANG_WARN_STRICT_PROTOTYPES = YES;
				CLANG_WARN_SUSPICIOUS_MOVE = YES;
				CLANG_WARN_UNGUARDED_AVAILABILITY = YES_AGGRESSIVE;
				CLANG_WARN_UNREACHABLE_CODE = YES;
				CLANG_WARN__DUPLICATE_METHOD_MATCH = YES;
				COPY_PHASE_STRIP = NO;
				DEBUG_INFORMATION_FORMAT = "dwarf-with-dsym";
				ENABLE_NS_ASSERTIONS = NO;
				ENABLE_STRICT_OBJC_MSGSEND = YES;
				ENABLE_USER_SCRIPT_SANDBOXING = YES;
				GCC_C_LANGUAGE_STANDARD = gnu17;
				GCC_NO_COMMON_BLOCKS = YES;
				GCC_WARN_64_TO_32_BIT_CONVERSION = YES;
				GCC_WARN_ABOUT_RETURN_TYPE = YES_ERROR;
				GCC_WARN_UNDECLARED_SELECTOR = YES;
				GCC_WARN_UNINITIALIZED_AUTOS = YES_AGGRESSIVE;
				GCC_WARN_UNUSED_FUNCTION = YES;
				GCC_WARN_UNUSED_VARIABLE = YES;
				IPHONEOS_DEPLOYMENT_TARGET = 17.0;
				LOCALIZATION_PREFERS_STRING_CATALOGS = YES;
				MTL_ENABLE_DEBUG_INFO = NO;
				MTL_FAST_MATH = YES;
				SDKROOT = iphoneos;
				SWIFT_COMPILATION_MODE = wholemodule;
				VALIDATE_PRODUCT = YES;
			};
			name = Release;
		};
		4EB7EBA82A735FEF00581466 /* Debug */ = {
			isa = XCBuildConfiguration;
			buildSettings = {
				ASSETCATALOG_COMPILER_APPICON_NAME = AppIcon;
				ASSETCATALOG_COMPILER_GLOBAL_ACCENT_COLOR_NAME = AccentColor;
				CODE_SIGN_STYLE = Automatic;
				CURRENT_PROJECT_VERSION = 1;
				DEVELOPMENT_ASSET_PATHS = "\"Day 26/Preview Content\"";
				ENABLE_PREVIEWS = YES;
				GENERATE_INFOPLIST_FILE = YES;
				INFOPLIST_KEY_UIApplicationSceneManifest_Generation = YES;
				INFOPLIST_KEY_UIApplicationSupportsIndirectInputEvents = YES;
				INFOPLIST_KEY_UILaunchScreen_Generation = YES;
				INFOPLIST_KEY_UISupportedInterfaceOrientations_iPad = "UIInterfaceOrientationPortrait UIInterfaceOrientationPortraitUpsideDown UIInterfaceOrientationLandscapeLeft UIInterfaceOrientationLandscapeRight";
				INFOPLIST_KEY_UISupportedInterfaceOrientations_iPhone = "UIInterfaceOrientationPortrait UIInterfaceOrientationLandscapeLeft UIInterfaceOrientationLandscapeRight";
				LD_RUNPATH_SEARCH_PATHS = (
					"$(inherited)",
					"@executable_path/Frameworks",
				);
				MARKETING_VERSION = 1.0;
				PRODUCT_BUNDLE_IDENTIFIER = "me.LaCor.Day-26";
				PRODUCT_NAME = "$(TARGET_NAME)";
				SWIFT_EMIT_LOC_STRINGS = YES;
				SWIFT_VERSION = 5.0;
				TARGETED_DEVICE_FAMILY = "1,2";
			};
			name = Debug;
		};
		4EB7EBA92A735FEF00581466 /* Release */ = {
			isa = XCBuildConfiguration;
			buildSettings = {
				ASSETCATALOG_COMPILER_APPICON_NAME = AppIcon;
				ASSETCATALOG_COMPILER_GLOBAL_ACCENT_COLOR_NAME = AccentColor;
				CODE_SIGN_STYLE = Automatic;
				CURRENT_PROJECT_VERSION = 1;
				DEVELOPMENT_ASSET_PATHS = "\"Day 26/Preview Content\"";
				ENABLE_PREVIEWS = YES;
				GENERATE_INFOPLIST_FILE = YES;
				INFOPLIST_KEY_UIApplicationSceneManifest_Generation = YES;
				INFOPLIST_KEY_UIApplicationSupportsIndirectInputEvents = YES;
				INFOPLIST_KEY_UILaunchScreen_Generation = YES;
				INFOPLIST_KEY_UISupportedInterfaceOrientations_iPad = "UIInterfaceOrientationPortrait UIInterfaceOrientationPortraitUpsideDown UIInterfaceOrientationLandscapeLeft UIInterfaceOrientationLandscapeRight";
				INFOPLIST_KEY_UISupportedInterfaceOrientations_iPhone = "UIInterfaceOrientationPortrait UIInterfaceOrientationLandscapeLeft UIInterfaceOrientationLandscapeRight";
				LD_RUNPATH_SEARCH_PATHS = (
					"$(inherited)",
					"@executable_path/Frameworks",
				);
				MARKETING_VERSION = 1.0;
				PRODUCT_BUNDLE_IDENTIFIER = "me.LaCor.Day-26";
				PRODUCT_NAME = "$(TARGET_NAME)";
				SWIFT_EMIT_LOC_STRINGS = YES;
				SWIFT_VERSION = 5.0;
				TARGETED_DEVICE_FAMILY = "1,2";
			};
			name = Release;
		};
/* End XCBuildConfiguration section */

/* Begin XCConfigurationList section */
		4EB7EB942A735FEC00581466 /* Build configuration list for PBXProject "Day 26" */ = {
			isa = XCConfigurationList;
			buildConfigurations = (
				4EB7EBA52A735FEF00581466 /* Debug */,
				4EB7EBA62A735FEF00581466 /* Release */,
			);
			defaultConfigurationIsVisible = 0;
			defaultConfigurationName = Release;
		};
		4EB7EBA72A735FEF00581466 /* Build configuration list for PBXNativeTarget "Day 26" */ = {
			isa = XCConfigurationList;
			buildConfigurations = (
				4EB7EBA82A735FEF00581466 /* Debug */,
				4EB7EBA92A735FEF00581466 /* Release */,
			);
			defaultConfigurationIsVisible = 0;
			defaultConfigurationName = Release;
		};
/* End XCConfigurationList section */
	};
	rootObject = 4EB7EB912A735FEC00581466 /* Project object */;
}
